
Microsoft Visual Studio Solution File, Format Version 12.00
# Visual Studio Version 17
VisualStudioVersion = 17.3.32901.215
MinimumVisualStudioVersion = 10.0.40219.1
Project("{2150E333-8FDC-42A3-9474-1A3956D46DE8}") = "Solution Items", "Solution Items", "{6596B3BC-BBF7-4046-962A-21F5D075B3AB}"
	ProjectSection(SolutionItems) = preProject
		.editorconfig = .editorconfig
		.gitattributes = .gitattributes
	EndProjectSection
EndProject
Project("{2150E333-8FDC-42A3-9474-1A3956D46DE8}") = "src", "src", "{F2ABB1D7-6312-4FE9-84DF-3968532CD9ED}"
EndProject
Project("{FAE04EC0-301F-11D3-BF4B-00C04F79EFBC}") = "WebApi.Authentication", "src\WebApi.Authentication\WebApi.Authentication.csproj", "{B3F51345-46A7-4627-B99F-061C644B64B5}"
EndProject
Global
	GlobalSection(SolutionProperties) = preSolution
		HideSolutionNode = FALSE
	EndGlobalSection
	GlobalSection(ExtensibilityGlobals) = postSolution
		SolutionGuid = {C8FEC67E-ECE4-4C01-942D-CE40A4592DF0}
	EndGlobalSection
	GlobalSection(SolutionConfigurationPlatforms) = preSolution
		Debug|Any CPU = Debug|Any CPU
		Debug|x64 = Debug|x64
		Debug|x86 = Debug|x86
		Release|Any CPU = Release|Any CPU
		Release|x64 = Release|x64
		Release|x86 = Release|x86
	EndGlobalSection
	GlobalSection(ProjectConfigurationPlatforms) = postSolution
		{B3F51345-46A7-4627-B99F-061C644B64B5}.Debug|Any CPU.ActiveCfg = Debug|Any CPU
		{B3F51345-46A7-4627-B99F-061C644B64B5}.Debug|Any CPU.Build.0 = Debug|Any CPU
		{B3F51345-46A7-4627-B99F-061C644B64B5}.Debug|x64.ActiveCfg = Debug|Any CPU
		{B3F51345-46A7-4627-B99F-061C644B64B5}.Debug|x64.Build.0 = Debug|Any CPU
		{B3F51345-46A7-4627-B99F-061C644B64B5}.Debug|x86.ActiveCfg = Debug|Any CPU
		{B3F51345-46A7-4627-B99F-061C644B64B5}.Debug|x86.Build.0 = Debug|Any CPU
		{B3F51345-46A7-4627-B99F-061C644B64B5}.Release|Any CPU.ActiveCfg = Release|Any CPU
		{B3F51345-46A7-4627-B99F-061C644B64B5}.Release|Any CPU.Build.0 = Release|Any CPU
		{B3F51345-46A7-4627-B99F-061C644B64B5}.Release|x64.ActiveCfg = Release|Any CPU
		{B3F51345-46A7-4627-B99F-061C644B64B5}.Release|x64.Build.0 = Release|Any CPU
		{B3F51345-46A7-4627-B99F-061C644B64B5}.Release|x86.ActiveCfg = Release|Any CPU
		{B3F51345-46A7-4627-B99F-061C644B64B5}.Release|x86.Build.0 = Release|Any CPU
	EndGlobalSection
	GlobalSection(NestedProjects) = preSolution
		{B3F51345-46A7-4627-B99F-061C644B64B5} = {F2ABB1D7-6312-4FE9-84DF-3968532CD9ED}
	EndGlobalSection
EndGlobal
